
Microsoft Visual Studio Solution File, Format Version 12.00
# Visual Studio Version 17
VisualStudioVersion = 17.1.32228.430
MinimumVisualStudioVersion = 10.0.40219.1
Project("{8BC9CEB8-8B4A-11D0-8D11-00A0C91BC942}") = "RaylibProj", "RaylibProj.vcxproj", "{7FEF820B-D79E-4283-A97C-879900FABAE9}"
EndProject
Global
	GlobalSection(SolutionConfigurationPlatforms) = preSolution
		Debug|x64 = Debug|x64
		Debug|x86 = Debug|x86
		Release|x64 = Release|x64
		Release|x86 = Release|x86
	EndGlobalSection
	GlobalSection(ProjectConfigurationPlatforms) = postSolution
		{7FEF820B-D79E-4283-A97C-879900FABAE9}.Debug|x64.ActiveCfg = Debug|x64
		{7FEF820B-D79E-4283-A97C-879900FABAE9}.Debug|x64.Build.0 = Debug|x64
		{7FEF820B-D79E-4283-A97C-879900FABAE9}.Debug|x86.ActiveCfg = Debug|Win32
		{7FEF820B-D79E-4283-A97C-879900FABAE9}.Debug|x86.Build.0 = Debug|Win32
		{7FEF820B-D79E-4283-A97C-879900FABAE9}.Release|x64.ActiveCfg = Release|x64
		{7FEF820B-D79E-4283-A97C-879900FABAE9}.Release|x64.Build.0 = Release|x64
		{7FEF820B-D79E-4283-A97C-879900FABAE9}.Release|x86.ActiveCfg = Release|Win32
		{7FEF820B-D79E-4283-A97C-879900FABAE9}.Release|x86.Build.0 = Release|Win32
	EndGlobalSection
	GlobalSection(SolutionProperties) = preSolution
		HideSolutionNode = FALSE
	EndGlobalSection
	GlobalSection(ExtensibilityGlobals) = postSolution
		SolutionGuid = {6A9EA8B0-2595-4E08-8E68-25866189C03B}
	EndGlobalSection
EndGlobal
